
Microsoft Visual Studio Solution File, Format Version 12.00
# Visual Studio Version 17
VisualStudioVersion = 17.6.33723.286
MinimumVisualStudioVersion = 10.0.40219.1
Project("{FAE04EC0-301F-11D3-BF4B-00C04F79EFBC}") = "Anonymous Method vs Lambda Expressions", "Anonymous Method vs Lambda Expressions\Anonymous Method vs Lambda Expressions.csproj", "{A39B2736-D85C-4997-A3A3-B74CAFA81A93}"
EndProject
Global
	GlobalSection(SolutionConfigurationPlatforms) = preSolution
		Debug|Any CPU = Debug|Any CPU
		Release|Any CPU = Release|Any CPU
	EndGlobalSection
	GlobalSection(ProjectConfigurationPlatforms) = postSolution
		{A39B2736-D85C-4997-A3A3-B74CAFA81A93}.Debug|Any CPU.ActiveCfg = Debug|Any CPU
		{A39B2736-D85C-4997-A3A3-B74CAFA81A93}.Debug|Any CPU.Build.0 = Debug|Any CPU
		{A39B2736-D85C-4997-A3A3-B74CAFA81A93}.Release|Any CPU.ActiveCfg = Release|Any CPU
		{A39B2736-D85C-4997-A3A3-B74CAFA81A93}.Release|Any CPU.Build.0 = Release|Any CPU
	EndGlobalSection
	GlobalSection(SolutionProperties) = preSolution
		HideSolutionNode = FALSE
	EndGlobalSection
	GlobalSection(ExtensibilityGlobals) = postSolution
		SolutionGuid = {665430A9-3702-4529-9FC3-207FCB7868E1}
	EndGlobalSection
EndGlobal
